
Microsoft Visual Studio Solution File, Format Version 12.00
Project("{FAE04EC0-301F-11D3-BF4B-00C04F79EFBC}") = "UniRider.API", "UniRider.API\UniRider.API.csproj", "{093BB5F3-54A0-403A-9952-7CF143F6115D}"
EndProject
Global
	GlobalSection(SolutionConfigurationPlatforms) = preSolution
		Debug|Any CPU = Debug|Any CPU
		Release|Any CPU = Release|Any CPU
	EndGlobalSection
	GlobalSection(ProjectConfigurationPlatforms) = postSolution
		{093BB5F3-54A0-403A-9952-7CF143F6115D}.Debug|Any CPU.ActiveCfg = Debug|Any CPU
		{093BB5F3-54A0-403A-9952-7CF143F6115D}.Debug|Any CPU.Build.0 = Debug|Any CPU
		{093BB5F3-54A0-403A-9952-7CF143F6115D}.Release|Any CPU.ActiveCfg = Release|Any CPU
		{093BB5F3-54A0-403A-9952-7CF143F6115D}.Release|Any CPU.Build.0 = Release|Any CPU
	EndGlobalSection
EndGlobal
